
Microsoft Visual Studio Solution File, Format Version 11.00
# Visual Studio 2010
# SharpDevelop 4.2.0.8649-Beta 2
Project("{FAE04EC0-301F-11D3-BF4B-00C04F79EFBC}") = "LibPDBinding", "csharp\LibPDBinding.csproj", "0D2EF933-6094-4DE1-9D63-9B43786C06AE"
EndProject
Project("{FAE04EC0-301F-11D3-BF4B-00C04F79EFBC}") = "LibPDBindingTest", "csharptests\LibPDBindingTest.csproj", "{DC510CBA-CD9F-4C7A-BD04-C37AE01FC90B}"
EndProject
Global
	GlobalSection(SolutionConfigurationPlatforms) = preSolution
		Debug|x86 = Debug|x86
		Release|x86 = Release|x86
		Debug|Any CPU = Debug|Any CPU
		Release|Any CPU = Release|Any CPU
	EndGlobalSection
	GlobalSection(ProjectConfigurationPlatforms) = postSolution
		0D2EF933-6094-4DE1-9D63-9B43786C06AE.Debug|x86.Build.0 = Debug|Any CPU
		0D2EF933-6094-4DE1-9D63-9B43786C06AE.Debug|x86.ActiveCfg = Debug|Any CPU
		0D2EF933-6094-4DE1-9D63-9B43786C06AE.Debug|Any CPU.Build.0 = Debug|Any CPU
		0D2EF933-6094-4DE1-9D63-9B43786C06AE.Debug|Any CPU.ActiveCfg = Debug|Any CPU
		0D2EF933-6094-4DE1-9D63-9B43786C06AE.Release|x86.Build.0 = Release|Any CPU
		0D2EF933-6094-4DE1-9D63-9B43786C06AE.Release|x86.ActiveCfg = Release|Any CPU
		0D2EF933-6094-4DE1-9D63-9B43786C06AE.Release|Any CPU.Build.0 = Release|Any CPU
		0D2EF933-6094-4DE1-9D63-9B43786C06AE.Release|Any CPU.ActiveCfg = Release|Any CPU
		{DC510CBA-CD9F-4C7A-BD04-C37AE01FC90B}.Debug|x86.Build.0 = Debug|Any CPU
		{DC510CBA-CD9F-4C7A-BD04-C37AE01FC90B}.Debug|x86.ActiveCfg = Debug|Any CPU
		{DC510CBA-CD9F-4C7A-BD04-C37AE01FC90B}.Debug|Any CPU.Build.0 = Debug|Any CPU
		{DC510CBA-CD9F-4C7A-BD04-C37AE01FC90B}.Debug|Any CPU.ActiveCfg = Debug|Any CPU
		{DC510CBA-CD9F-4C7A-BD04-C37AE01FC90B}.Release|x86.Build.0 = Release|Any CPU
		{DC510CBA-CD9F-4C7A-BD04-C37AE01FC90B}.Release|x86.ActiveCfg = Release|Any CPU
		{DC510CBA-CD9F-4C7A-BD04-C37AE01FC90B}.Release|Any CPU.Build.0 = Release|Any CPU
		{DC510CBA-CD9F-4C7A-BD04-C37AE01FC90B}.Release|Any CPU.ActiveCfg = Release|Any CPU
	EndGlobalSection
EndGlobal
